{
    "_readme": [
        "This file locks the dependencies of your project to a known state",
        "Read more about it at https://getcomposer.org/doc/01-basic-usage.md#installing-dependencies",
        "This file is @generated automatically"
    ],
    "content-hash": "03163d407212be93d521a0c435c2f3cc",
    "packages": [],
    "packages-dev": [
        {
            "name": "symfony/thanks",
            "version": "v1.4.1",
            "source": {
                "type": "git",
                "url": "https://github.com/symfony/thanks.git",
                "reference": "f455cc9ba4e0c61dcc18ea7e52bd725ee661aa64"
            },
            "dist": {
                "type": "zip",
                "url": "https://api.github.com/repos/symfony/thanks/zipball/f455cc9ba4e0c61dcc18ea7e52bd725ee661aa64",
                "reference": "f455cc9ba4e0c61dcc18ea7e52bd725ee661aa64",
                "shasum": ""
            },
            "require": {
                "composer-plugin-api": "^1.0|^2.0",
                "php": ">=8.1"
            },
            "type": "composer-plugin",
            "extra": {
                "class": "Symfony\\Thanks\\Thanks",
                "branch-alias": {
                    "dev-main": "1.4-dev"
                }
            },
            "autoload": {
                "psr-4": {
                    "Symfony\\Thanks\\": "src"
                }
            },
            "notification-url": "https://packagist.org/downloads/",
            "license": [
                "MIT"
            ],
            "authors": [
                {
                    "name": "Nicolas Grekas",
                    "email": "p@tchwork.com"
                }
            ],
            "description": "Encourages sending ⭐ and 💵 to fellow PHP package maintainers (not limited to Symfony components)!",
            "support": {
                "issues": "https://github.com/symfony/thanks/issues",
                "source": "https://github.com/symfony/thanks/tree/v1.4.1"
            },
            "funding": [
                {
                    "url": "https://symfony.com/sponsor",
                    "type": "custom"
                },
                {
                    "url": "https://github.com/fabpot",
                    "type": "github"
                },
                {
                    "url": "https://github.com/nicolas-grekas",
                    "type": "github"
                },
                {
                    "url": "https://tidelift.com/funding/github/packagist/symfony/symfony",
                    "type": "tidelift"
                }
            ],
            "time": "2025-10-30T17:38:50+00:00"
        }
    ],
    "aliases": [],
    "minimum-stability": "stable",
    "stability-flags": {},
    "prefer-stable": false,
    "prefer-lowest": false,
    "platform": {},
    "platform-dev": {},
    "plugin-api-version": "2.9.0"
}
